
Microsoft Visual Studio Solution File, Format Version 12.00
# Visual Studio 2012
Project("{FAE04EC0-301F-11D3-BF4B-00C04F79EFBC}") = "Project2", "Project2\Project2.csproj", "{C5DF1BC6-1D91-42AA-814F-A7A0A30431DC}"
EndProject
Project("{2150E333-8FDC-42A3-9474-1A3956D46DE8}") = "Solution Items", "Solution Items", "{04E2930F-74CF-40BD-BF5D-64248AFF215B}"
EndProject
Global
	GlobalSection(SolutionConfigurationPlatforms) = preSolution
		Debug|x86 = Debug|x86
		Release|x86 = Release|x86
	EndGlobalSection
	GlobalSection(ProjectConfigurationPlatforms) = postSolution
		{C5DF1BC6-1D91-42AA-814F-A7A0A30431DC}.Debug|x86.ActiveCfg = Debug|x86
		{C5DF1BC6-1D91-42AA-814F-A7A0A30431DC}.Debug|x86.Build.0 = Debug|x86
		{C5DF1BC6-1D91-42AA-814F-A7A0A30431DC}.Release|x86.ActiveCfg = Release|x86
		{C5DF1BC6-1D91-42AA-814F-A7A0A30431DC}.Release|x86.Build.0 = Release|x86
	EndGlobalSection
EndGlobal
